
Microsoft Visual Studio Solution File, Format Version 12.00
Project("{FAE04EC0-301F-11D3-BF4B-00C04F79EFBC}") = "SampleProject", "SampleProject\SampleProject.csproj", "{F099FCAE-4A96-4A4C-9AD9-B8B18A42F642}"
EndProject
Global
	GlobalSection(SolutionConfigurationPlatforms) = preSolution
		Debug|Any CPU = Debug|Any CPU
		Release|Any CPU = Release|Any CPU
	EndGlobalSection
	GlobalSection(ProjectConfigurationPlatforms) = postSolution
		{F099FCAE-4A96-4A4C-9AD9-B8B18A42F642}.Debug|Any CPU.ActiveCfg = Debug|Any CPU
		{F099FCAE-4A96-4A4C-9AD9-B8B18A42F642}.Debug|Any CPU.Build.0 = Debug|Any CPU
		{F099FCAE-4A96-4A4C-9AD9-B8B18A42F642}.Release|Any CPU.ActiveCfg = Release|Any CPU
		{F099FCAE-4A96-4A4C-9AD9-B8B18A42F642}.Release|Any CPU.Build.0 = Release|Any CPU
	EndGlobalSection
EndGlobal
